// !$*UTF8*$!
{
	archiveVersion = 1;
	classes = {
	};
	objectVersion = 60;
	objects = {

/* Begin PBXBuildFile section */
		9E14F5B82CB979050094EF6C /* LoginScreen.swift in Sources */ = {isa = PBXBuildFile; fileRef = 9E14F5B72CB979050094EF6C /* LoginScreen.swift */; };
		9E1BA6422CC5443F00DFDD3B /* SignUpViewModel.swift in Sources */ = {isa = PBXBuildFile; fileRef = 9E1BA6412CC5443F00DFDD3B /* SignUpViewModel.swift */; };
		9E1BA6442CC5444C00DFDD3B /* LoginViewModel.swift in Sources */ = {isa = PBXBuildFile; fileRef = 9E1BA6432CC5444C00DFDD3B /* LoginViewModel.swift */; };
		9E2820AF2CCA7DF500CABA49 /* StyledTextField.swift in Sources */ = {isa = PBXBuildFile; fileRef = 9E2820AE2CCA7DF500CABA49 /* StyledTextField.swift */; };
		9E511B432CC37FE10072A470 /* FirebaseAuth in Frameworks */ = {isa = PBXBuildFile; productRef = 9E511B422CC37FE10072A470 /* FirebaseAuth */; };
		9E511B452CC37FE10072A470 /* FirebaseCore in Frameworks */ = {isa = PBXBuildFile; productRef = 9E511B442CC37FE10072A470 /* FirebaseCore */; };
		9E511B472CC37FE10072A470 /* FirebaseDatabase in Frameworks */ = {isa = PBXBuildFile; productRef = 9E511B462CC37FE10072A470 /* FirebaseDatabase */; };
		9E511B492CC37FE10072A470 /* FirebaseFirestore in Frameworks */ = {isa = PBXBuildFile; productRef = 9E511B482CC37FE10072A470 /* FirebaseFirestore */; };
		9E511B4B2CC37FE10072A470 /* FirebaseFunctions in Frameworks */ = {isa = PBXBuildFile; productRef = 9E511B4A2CC37FE10072A470 /* FirebaseFunctions */; };
		9E7BFF7B2CC149A200253D36 /* SignUpScreen.swift in Sources */ = {isa = PBXBuildFile; fileRef = 9E7BFF7A2CC149A200253D36 /* SignUpScreen.swift */; };
		9E7DCE732CD159560032AF2F /* HealthAssesmentScreen.swift in Sources */ = {isa = PBXBuildFile; fileRef = 9E7DCE722CD159560032AF2F /* HealthAssesmentScreen.swift */; };
		9E7DCE752CD159740032AF2F /* HealthDataScreen.swift in Sources */ = {isa = PBXBuildFile; fileRef = 9E7DCE742CD159740032AF2F /* HealthDataScreen.swift */; };
		9E7DCE772CD1598E0032AF2F /* HealthAssesmentViewModel.swift in Sources */ = {isa = PBXBuildFile; fileRef = 9E7DCE762CD1598E0032AF2F /* HealthAssesmentViewModel.swift */; };
		9E7DCE792CD1599C0032AF2F /* HealthDataViewModel.swift in Sources */ = {isa = PBXBuildFile; fileRef = 9E7DCE782CD1599C0032AF2F /* HealthDataViewModel.swift */; };
		9EA583B92CDF28EB00222E46 /* CustomPicker.swift in Sources */ = {isa = PBXBuildFile; fileRef = 9EA583B82CDF28EB00222E46 /* CustomPicker.swift */; };
		9EBE0B4A2CC8CA1E00350D6C /* GoogleService-Info.plist in Resources */ = {isa = PBXBuildFile; fileRef = 9EBE0B492CC8CA1E00350D6C /* GoogleService-Info.plist */; };
		9EDBF73A2CE914EE0001A54C /* EmailVerificationViewModel.swift in Sources */ = {isa = PBXBuildFile; fileRef = 9EDBF7392CE914EE0001A54C /* EmailVerificationViewModel.swift */; };
		9EE597192CC6284C00B3DF14 /* HomeScreen.swift in Sources */ = {isa = PBXBuildFile; fileRef = 9EE597182CC6284C00B3DF14 /* HomeScreen.swift */; };
		9EEF18502CB6B6E800AA8D5B /* wellnesswiseApp.swift in Sources */ = {isa = PBXBuildFile; fileRef = 9EEF184F2CB6B6E800AA8D5B /* wellnesswiseApp.swift */; };
		9EEF18522CB6B6E800AA8D5B /* ContentView.swift in Sources */ = {isa = PBXBuildFile; fileRef = 9EEF18512CB6B6E800AA8D5B /* ContentView.swift */; };
		9EEF18542CB6B6EB00AA8D5B /* Assets.xcassets in Resources */ = {isa = PBXBuildFile; fileRef = 9EEF18532CB6B6EB00AA8D5B /* Assets.xcassets */; };
		9EEF18572CB6B6EB00AA8D5B /* Preview Assets.xcassets in Resources */ = {isa = PBXBuildFile; fileRef = 9EEF18562CB6B6EB00AA8D5B /* Preview Assets.xcassets */; };
		9EEF18612CB6B6EC00AA8D5B /* wellnesswiseTests.swift in Sources */ = {isa = PBXBuildFile; fileRef = 9EEF18602CB6B6EC00AA8D5B /* wellnesswiseTests.swift */; };
		9EEF186B2CB6B6EC00AA8D5B /* wellnesswiseUITests.swift in Sources */ = {isa = PBXBuildFile; fileRef = 9EEF186A2CB6B6EC00AA8D5B /* wellnesswiseUITests.swift */; };
		9EEF186D2CB6B6EC00AA8D5B /* wellnesswiseUITestsLaunchTests.swift in Sources */ = {isa = PBXBuildFile; fileRef = 9EEF186C2CB6B6EC00AA8D5B /* wellnesswiseUITestsLaunchTests.swift */; };
		9EEFE8652CDA9FA300A47133 /* ProfileScreen.swift in Sources */ = {isa = PBXBuildFile; fileRef = 9EEFE8642CDA9FA300A47133 /* ProfileScreen.swift */; };
		9EEFE8672CDA9FC000A47133 /* VerificationScreen.swift in Sources */ = {isa = PBXBuildFile; fileRef = 9EEFE8662CDA9FC000A47133 /* VerificationScreen.swift */; };
/* End PBXBuildFile section */

/* Begin PBXContainerItemProxy section */
		9EEF185D2CB6B6EC00AA8D5B /* PBXContainerItemProxy */ = {
			isa = PBXContainerItemProxy;
			containerPortal = 9EEF18442CB6B6E800AA8D5B /* Project object */;
			proxyType = 1;
			remoteGlobalIDString = 9EEF184B2CB6B6E800AA8D5B;
			remoteInfo = wellnesswise;
		};
		9EEF18672CB6B6EC00AA8D5B /* PBXContainerItemProxy */ = {
			isa = PBXContainerItemProxy;
			containerPortal = 9EEF18442CB6B6E800AA8D5B /* Project object */;
			proxyType = 1;
			remoteGlobalIDString = 9EEF184B2CB6B6E800AA8D5B;
			remoteInfo = wellnesswise;
		};
/* End PBXContainerItemProxy section */

/* Begin PBXFileReference section */
		9E14F5B72CB979050094EF6C /* LoginScreen.swift */ = {isa = PBXFileReference; lastKnownFileType = sourcecode.swift; path = LoginScreen.swift; sourceTree = "<group>"; };
		9E1BA6412CC5443F00DFDD3B /* SignUpViewModel.swift */ = {isa = PBXFileReference; lastKnownFileType = sourcecode.swift; path = SignUpViewModel.swift; sourceTree = "<group>"; };
		9E1BA6432CC5444C00DFDD3B /* LoginViewModel.swift */ = {isa = PBXFileReference; lastKnownFileType = sourcecode.swift; path = LoginViewModel.swift; sourceTree = "<group>"; };
		9E2820AE2CCA7DF500CABA49 /* StyledTextField.swift */ = {isa = PBXFileReference; lastKnownFileType = sourcecode.swift; name = StyledTextField.swift; path = wellnesswise/StyledTextField.swift; sourceTree = SOURCE_ROOT; };
		9E7BFF7A2CC149A200253D36 /* SignUpScreen.swift */ = {isa = PBXFileReference; lastKnownFileType = sourcecode.swift; path = SignUpScreen.swift; sourceTree = "<group>"; };
		9E7DCE722CD159560032AF2F /* HealthAssesmentScreen.swift */ = {isa = PBXFileReference; lastKnownFileType = sourcecode.swift; path = HealthAssesmentScreen.swift; sourceTree = "<group>"; };
		9E7DCE742CD159740032AF2F /* HealthDataScreen.swift */ = {isa = PBXFileReference; lastKnownFileType = sourcecode.swift; path = HealthDataScreen.swift; sourceTree = "<group>"; };
		9E7DCE762CD1598E0032AF2F /* HealthAssesmentViewModel.swift */ = {isa = PBXFileReference; lastKnownFileType = sourcecode.swift; path = HealthAssesmentViewModel.swift; sourceTree = "<group>"; };
		9E7DCE782CD1599C0032AF2F /* HealthDataViewModel.swift */ = {isa = PBXFileReference; lastKnownFileType = sourcecode.swift; path = HealthDataViewModel.swift; sourceTree = "<group>"; };
		9EA583B82CDF28EB00222E46 /* CustomPicker.swift */ = {isa = PBXFileReference; lastKnownFileType = sourcecode.swift; name = CustomPicker.swift; path = wellnesswise/CustomPicker.swift; sourceTree = SOURCE_ROOT; };
		9EBE0B492CC8CA1E00350D6C /* GoogleService-Info.plist */ = {isa = PBXFileReference; lastKnownFileType = text.plist.xml; path = "GoogleService-Info.plist"; sourceTree = "<group>"; };
		9EDBF7392CE914EE0001A54C /* EmailVerificationViewModel.swift */ = {isa = PBXFileReference; lastKnownFileType = sourcecode.swift; path = EmailVerificationViewModel.swift; sourceTree = "<group>"; };
		9EE597182CC6284C00B3DF14 /* HomeScreen.swift */ = {isa = PBXFileReference; lastKnownFileType = sourcecode.swift; path = HomeScreen.swift; sourceTree = "<group>"; };
		9EEF184C2CB6B6E800AA8D5B /* wellnesswise.app */ = {isa = PBXFileReference; explicitFileType = wrapper.application; includeInIndex = 0; path = wellnesswise.app; sourceTree = BUILT_PRODUCTS_DIR; };
		9EEF184F2CB6B6E800AA8D5B /* wellnesswiseApp.swift */ = {isa = PBXFileReference; lastKnownFileType = sourcecode.swift; path = wellnesswiseApp.swift; sourceTree = "<group>"; };
		9EEF18512CB6B6E800AA8D5B /* ContentView.swift */ = {isa = PBXFileReference; lastKnownFileType = sourcecode.swift; path = ContentView.swift; sourceTree = "<group>"; };
		9EEF18532CB6B6EB00AA8D5B /* Assets.xcassets */ = {isa = PBXFileReference; lastKnownFileType = folder.assetcatalog; path = Assets.xcassets; sourceTree = "<group>"; };
		9EEF18562CB6B6EB00AA8D5B /* Preview Assets.xcassets */ = {isa = PBXFileReference; lastKnownFileType = folder.assetcatalog; path = "Preview Assets.xcassets"; sourceTree = "<group>"; };
		9EEF185C2CB6B6EC00AA8D5B /* wellnesswiseTests.xctest */ = {isa = PBXFileReference; explicitFileType = wrapper.cfbundle; includeInIndex = 0; path = wellnesswiseTests.xctest; sourceTree = BUILT_PRODUCTS_DIR; };
		9EEF18602CB6B6EC00AA8D5B /* wellnesswiseTests.swift */ = {isa = PBXFileReference; lastKnownFileType = sourcecode.swift; path = wellnesswiseTests.swift; sourceTree = "<group>"; };
		9EEF18662CB6B6EC00AA8D5B /* wellnesswiseUITests.xctest */ = {isa = PBXFileReference; explicitFileType = wrapper.cfbundle; includeInIndex = 0; path = wellnesswiseUITests.xctest; sourceTree = BUILT_PRODUCTS_DIR; };
		9EEF186A2CB6B6EC00AA8D5B /* wellnesswiseUITests.swift */ = {isa = PBXFileReference; lastKnownFileType = sourcecode.swift; path = wellnesswiseUITests.swift; sourceTree = "<group>"; };
		9EEF186C2CB6B6EC00AA8D5B /* wellnesswiseUITestsLaunchTests.swift */ = {isa = PBXFileReference; lastKnownFileType = sourcecode.swift; path = wellnesswiseUITestsLaunchTests.swift; sourceTree = "<group>"; };
		9EEFE8642CDA9FA300A47133 /* ProfileScreen.swift */ = {isa = PBXFileReference; lastKnownFileType = sourcecode.swift; path = ProfileScreen.swift; sourceTree = "<group>"; };
		9EEFE8662CDA9FC000A47133 /* VerificationScreen.swift */ = {isa = PBXFileReference; lastKnownFileType = sourcecode.swift; path = VerificationScreen.swift; sourceTree = "<group>"; };
/* End PBXFileReference section */

/* Begin PBXFrameworksBuildPhase section */
		9EEF18492CB6B6E800AA8D5B /* Frameworks */ = {
			isa = PBXFrameworksBuildPhase;
			buildActionMask = 2147483647;
			files = (
				9E511B472CC37FE10072A470 /* FirebaseDatabase in Frameworks */,
				9E511B492CC37FE10072A470 /* FirebaseFirestore in Frameworks */,
				9E511B4B2CC37FE10072A470 /* FirebaseFunctions in Frameworks */,
				9E511B452CC37FE10072A470 /* FirebaseCore in Frameworks */,
				9E511B432CC37FE10072A470 /* FirebaseAuth in Frameworks */,
			);
			runOnlyForDeploymentPostprocessing = 0;
		};
		9EEF18592CB6B6EC00AA8D5B /* Frameworks */ = {
			isa = PBXFrameworksBuildPhase;
			buildActionMask = 2147483647;
			files = (
			);
			runOnlyForDeploymentPostprocessing = 0;
		};
		9EEF18632CB6B6EC00AA8D5B /* Frameworks */ = {
			isa = PBXFrameworksBuildPhase;
			buildActionMask = 2147483647;
			files = (
			);
			runOnlyForDeploymentPostprocessing = 0;
		};
/* End PBXFrameworksBuildPhase section */

/* Begin PBXGroup section */
		9E14F5B52CB978AC0094EF6C /* Screens */ = {
			isa = PBXGroup;
			children = (
				9E14F5B72CB979050094EF6C /* LoginScreen.swift */,
				9E7BFF7A2CC149A200253D36 /* SignUpScreen.swift */,
				9EE597182CC6284C00B3DF14 /* HomeScreen.swift */,
				9E7DCE722CD159560032AF2F /* HealthAssesmentScreen.swift */,
				9E7DCE742CD159740032AF2F /* HealthDataScreen.swift */,
				9EEFE8642CDA9FA300A47133 /* ProfileScreen.swift */,
				9EEFE8662CDA9FC000A47133 /* VerificationScreen.swift */,
			);
			path = Screens;
			sourceTree = "<group>";
		};
		9E14F5B62CB978C40094EF6C /* Data */ = {
			isa = PBXGroup;
			children = (
			);
			path = Data;
			sourceTree = "<group>";
		};
		9E1BA6402CC5441B00DFDD3B /* ViewModel */ = {
			isa = PBXGroup;
			children = (
				9E1BA6412CC5443F00DFDD3B /* SignUpViewModel.swift */,
				9E1BA6432CC5444C00DFDD3B /* LoginViewModel.swift */,
				9E7DCE762CD1598E0032AF2F /* HealthAssesmentViewModel.swift */,
				9E7DCE782CD1599C0032AF2F /* HealthDataViewModel.swift */,
				9EDBF7392CE914EE0001A54C /* EmailVerificationViewModel.swift */,
			);
			path = ViewModel;
			sourceTree = "<group>";
		};
		9E7BFF7C2CC17A9D00253D36 /* Components */ = {
			isa = PBXGroup;
			children = (
				9E2820AE2CCA7DF500CABA49 /* StyledTextField.swift */,
				9EA583B82CDF28EB00222E46 /* CustomPicker.swift */,
			);
			path = Components;
			sourceTree = "<group>";
		};
		9EEF18432CB6B6E800AA8D5B = {
			isa = PBXGroup;
			children = (
				9EEF184E2CB6B6E800AA8D5B /* wellnesswise */,
				9EEF185F2CB6B6EC00AA8D5B /* wellnesswiseTests */,
				9EEF18692CB6B6EC00AA8D5B /* wellnesswiseUITests */,
				9EEF184D2CB6B6E800AA8D5B /* Products */,
			);
			sourceTree = "<group>";
		};
		9EEF184D2CB6B6E800AA8D5B /* Products */ = {
			isa = PBXGroup;
			children = (
				9EEF184C2CB6B6E800AA8D5B /* wellnesswise.app */,
				9EEF185C2CB6B6EC00AA8D5B /* wellnesswiseTests.xctest */,
				9EEF18662CB6B6EC00AA8D5B /* wellnesswiseUITests.xctest */,
			);
			name = Products;
			sourceTree = "<group>";
		};
		9EEF184E2CB6B6E800AA8D5B /* wellnesswise */ = {
			isa = PBXGroup;
			children = (
				9E1BA6402CC5441B00DFDD3B /* ViewModel */,
				9E7BFF7C2CC17A9D00253D36 /* Components */,
				9E14F5B62CB978C40094EF6C /* Data */,
				9E14F5B52CB978AC0094EF6C /* Screens */,
				9EEF184F2CB6B6E800AA8D5B /* wellnesswiseApp.swift */,
				9EEF18512CB6B6E800AA8D5B /* ContentView.swift */,
				9EEF18532CB6B6EB00AA8D5B /* Assets.xcassets */,
				9EEF18552CB6B6EB00AA8D5B /* Preview Content */,
				9EBE0B492CC8CA1E00350D6C /* GoogleService-Info.plist */,
			);
			path = wellnesswise;
			sourceTree = "<group>";
		};
		9EEF18552CB6B6EB00AA8D5B /* Preview Content */ = {
			isa = PBXGroup;
			children = (
				9EEF18562CB6B6EB00AA8D5B /* Preview Assets.xcassets */,
			);
			path = "Preview Content";
			sourceTree = "<group>";
		};
		9EEF185F2CB6B6EC00AA8D5B /* wellnesswiseTests */ = {
			isa = PBXGroup;
			children = (
				9EEF18602CB6B6EC00AA8D5B /* wellnesswiseTests.swift */,
			);
			path = wellnesswiseTests;
			sourceTree = "<group>";
		};
		9EEF18692CB6B6EC00AA8D5B /* wellnesswiseUITests */ = {
			isa = PBXGroup;
			children = (
				9EEF186A2CB6B6EC00AA8D5B /* wellnesswiseUITests.swift */,
				9EEF186C2CB6B6EC00AA8D5B /* wellnesswiseUITestsLaunchTests.swift */,
			);
			path = wellnesswiseUITests;
			sourceTree = "<group>";
		};
/* End PBXGroup section */

/* Begin PBXNativeTarget section */
		9EEF184B2CB6B6E800AA8D5B /* wellnesswise */ = {
			isa = PBXNativeTarget;
			buildConfigurationList = 9EEF18702CB6B6EC00AA8D5B /* Build configuration list for PBXNativeTarget "wellnesswise" */;
			buildPhases = (
				9EEF18482CB6B6E800AA8D5B /* Sources */,
				9EEF18492CB6B6E800AA8D5B /* Frameworks */,
				9EEF184A2CB6B6E800AA8D5B /* Resources */,
			);
			buildRules = (
			);
			dependencies = (
			);
			name = wellnesswise;
			productName = wellnesswise;
			productReference = 9EEF184C2CB6B6E800AA8D5B /* wellnesswise.app */;
			productType = "com.apple.product-type.application";
		};
		9EEF185B2CB6B6EC00AA8D5B /* wellnesswiseTests */ = {
			isa = PBXNativeTarget;
			buildConfigurationList = 9EEF18732CB6B6EC00AA8D5B /* Build configuration list for PBXNativeTarget "wellnesswiseTests" */;
			buildPhases = (
				9EEF18582CB6B6EC00AA8D5B /* Sources */,
				9EEF18592CB6B6EC00AA8D5B /* Frameworks */,
				9EEF185A2CB6B6EC00AA8D5B /* Resources */,
			);
			buildRules = (
			);
			dependencies = (
				9EEF185E2CB6B6EC00AA8D5B /* PBXTargetDependency */,
			);
			name = wellnesswiseTests;
			productName = wellnesswiseTests;
			productReference = 9EEF185C2CB6B6EC00AA8D5B /* wellnesswiseTests.xctest */;
			productType = "com.apple.product-type.bundle.unit-test";
		};
		9EEF18652CB6B6EC00AA8D5B /* wellnesswiseUITests */ = {
			isa = PBXNativeTarget;
			buildConfigurationList = 9EEF18762CB6B6EC00AA8D5B /* Build configuration list for PBXNativeTarget "wellnesswiseUITests" */;
			buildPhases = (
				9EEF18622CB6B6EC00AA8D5B /* Sources */,
				9EEF18632CB6B6EC00AA8D5B /* Frameworks */,
				9EEF18642CB6B6EC00AA8D5B /* Resources */,
			);
			buildRules = (
			);
			dependencies = (
				9EEF18682CB6B6EC00AA8D5B /* PBXTargetDependency */,
			);
			name = wellnesswiseUITests;
			productName = wellnesswiseUITests;
			productReference = 9EEF18662CB6B6EC00AA8D5B /* wellnesswiseUITests.xctest */;
			productType = "com.apple.product-type.bundle.ui-testing";
		};
/* End PBXNativeTarget section */

/* Begin PBXProject section */
		9EEF18442CB6B6E800AA8D5B /* Project object */ = {
			isa = PBXProject;
			attributes = {
				BuildIndependentTargetsInParallel = 1;
				LastSwiftUpdateCheck = 1600;
				LastUpgradeCheck = 1600;
				TargetAttributes = {
					9EEF184B2CB6B6E800AA8D5B = {
						CreatedOnToolsVersion = 16.0;
					};
					9EEF185B2CB6B6EC00AA8D5B = {
						CreatedOnToolsVersion = 16.0;
						TestTargetID = 9EEF184B2CB6B6E800AA8D5B;
					};
					9EEF18652CB6B6EC00AA8D5B = {
						CreatedOnToolsVersion = 16.0;
						TestTargetID = 9EEF184B2CB6B6E800AA8D5B;
					};
				};
			};
			buildConfigurationList = 9EEF18472CB6B6E800AA8D5B /* Build configuration list for PBXProject "wellnesswise" */;
			compatibilityVersion = "Xcode 15.0";
			developmentRegion = en;
			hasScannedForEncodings = 0;
			knownRegions = (
				en,
				Base,
			);
			mainGroup = 9EEF18432CB6B6E800AA8D5B;
			packageReferences = (
				9E511B412CC37FE10072A470 /* XCRemoteSwiftPackageReference "firebase-ios-sdk" */,
			);
			productRefGroup = 9EEF184D2CB6B6E800AA8D5B /* Products */;
			projectDirPath = "";
			projectRoot = "";
			targets = (
				9EEF184B2CB6B6E800AA8D5B /* wellnesswise */,
				9EEF185B2CB6B6EC00AA8D5B /* wellnesswiseTests */,
				9EEF18652CB6B6EC00AA8D5B /* wellnesswiseUITests */,
			);
		};
/* End PBXProject section */

/* Begin PBXResourcesBuildPhase section */
		9EEF184A2CB6B6E800AA8D5B /* Resources */ = {
			isa = PBXResourcesBuildPhase;
			buildActionMask = 2147483647;
			files = (
				9EEF18572CB6B6EB00AA8D5B /* Preview Assets.xcassets in Resources */,
				9EBE0B4A2CC8CA1E00350D6C /* GoogleService-Info.plist in Resources */,
				9EEF18542CB6B6EB00AA8D5B /* Assets.xcassets in Resources */,
			);
			runOnlyForDeploymentPostprocessing = 0;
		};
		9EEF185A2CB6B6EC00AA8D5B /* Resources */ = {
			isa = PBXResourcesBuildPhase;
			buildActionMask = 2147483647;
			files = (
			);
			runOnlyForDeploymentPostprocessing = 0;
		};
		9EEF18642CB6B6EC00AA8D5B /* Resources */ = {
			isa = PBXResourcesBuildPhase;
			buildActionMask = 2147483647;
			files = (
			);
			runOnlyForDeploymentPostprocessing = 0;
		};
/* End PBXResourcesBuildPhase section */

/* Begin PBXSourcesBuildPhase section */
		9EEF18482CB6B6E800AA8D5B /* Sources */ = {
			isa = PBXSourcesBuildPhase;
			buildActionMask = 2147483647;
			files = (
				9E7DCE792CD1599C0032AF2F /* HealthDataViewModel.swift in Sources */,
				9EEF18522CB6B6E800AA8D5B /* ContentView.swift in Sources */,
				9EEFE8672CDA9FC000A47133 /* VerificationScreen.swift in Sources */,
				9E7DCE752CD159740032AF2F /* HealthDataScreen.swift in Sources */,
				9EDBF73A2CE914EE0001A54C /* EmailVerificationViewModel.swift in Sources */,
				9EEF18502CB6B6E800AA8D5B /* wellnesswiseApp.swift in Sources */,
				9EA583B92CDF28EB00222E46 /* CustomPicker.swift in Sources */,
				9EEFE8652CDA9FA300A47133 /* ProfileScreen.swift in Sources */,
				9EE597192CC6284C00B3DF14 /* HomeScreen.swift in Sources */,
				9E1BA6442CC5444C00DFDD3B /* LoginViewModel.swift in Sources */,
				9E7DCE772CD1598E0032AF2F /* HealthAssesmentViewModel.swift in Sources */,
				9E1BA6422CC5443F00DFDD3B /* SignUpViewModel.swift in Sources */,
				9E14F5B82CB979050094EF6C /* LoginScreen.swift in Sources */,
				9E2820AF2CCA7DF500CABA49 /* StyledTextField.swift in Sources */,
				9E7DCE732CD159560032AF2F /* HealthAssesmentScreen.swift in Sources */,
				9E7BFF7B2CC149A200253D36 /* SignUpScreen.swift in Sources */,
			);
			runOnlyForDeploymentPostprocessing = 0;
		};
		9EEF18582CB6B6EC00AA8D5B /* Sources */ = {
			isa = PBXSourcesBuildPhase;
			buildActionMask = 2147483647;
			files = (
				9EEF18612CB6B6EC00AA8D5B /* wellnesswiseTests.swift in Sources */,
			);
			runOnlyForDeploymentPostprocessing = 0;
		};
		9EEF18622CB6B6EC00AA8D5B /* Sources */ = {
			isa = PBXSourcesBuildPhase;
			buildActionMask = 2147483647;
			files = (
				9EEF186B2CB6B6EC00AA8D5B /* wellnesswiseUITests.swift in Sources */,
				9EEF186D2CB6B6EC00AA8D5B /* wellnesswiseUITestsLaunchTests.swift in Sources */,
			);
			runOnlyForDeploymentPostprocessing = 0;
		};
/* End PBXSourcesBuildPhase section */

/* Begin PBXTargetDependency section */
		9EEF185E2CB6B6EC00AA8D5B /* PBXTargetDependency */ = {
			isa = PBXTargetDependency;
			target = 9EEF184B2CB6B6E800AA8D5B /* wellnesswise */;
			targetProxy = 9EEF185D2CB6B6EC00AA8D5B /* PBXContainerItemProxy */;
		};
		9EEF18682CB6B6EC00AA8D5B /* PBXTargetDependency */ = {
			isa = PBXTargetDependency;
			target = 9EEF184B2CB6B6E800AA8D5B /* wellnesswise */;
			targetProxy = 9EEF18672CB6B6EC00AA8D5B /* PBXContainerItemProxy */;
		};
/* End PBXTargetDependency section */

/* Begin XCBuildConfiguration section */
		9EEF186E2CB6B6EC00AA8D5B /* Debug */ = {
			isa = XCBuildConfiguration;
			buildSettings = {
				ALWAYS_SEARCH_USER_PATHS = NO;
				ASSETCATALOG_COMPILER_GENERATE_SWIFT_ASSET_SYMBOL_EXTENSIONS = YES;
				CLANG_ANALYZER_NONNULL = YES;
				CLANG_ANALYZER_NUMBER_OBJECT_CONVERSION = YES_AGGRESSIVE;
				CLANG_CXX_LANGUAGE_STANDARD = "gnu++20";
				CLANG_ENABLE_MODULES = YES;
				CLANG_ENABLE_OBJC_ARC = YES;
				CLANG_ENABLE_OBJC_WEAK = YES;
				CLANG_WARN_BLOCK_CAPTURE_AUTORELEASING = YES;
				CLANG_WARN_BOOL_CONVERSION = YES;
				CLANG_WARN_COMMA = YES;
				CLANG_WARN_CONSTANT_CONVERSION = YES;
				CLANG_WARN_DEPRECATED_OBJC_IMPLEMENTATIONS = YES;
				CLANG_WARN_DIRECT_OBJC_ISA_USAGE = YES_ERROR;
				CLANG_WARN_DOCUMENTATION_COMMENTS = YES;
				CLANG_WARN_EMPTY_BODY = YES;
				CLANG_WARN_ENUM_CONVERSION = YES;
				CLANG_WARN_INFINITE_RECURSION = YES;
				CLANG_WARN_INT_CONVERSION = YES;
				CLANG_WARN_NON_LITERAL_NULL_CONVERSION = YES;
				CLANG_WARN_OBJC_IMPLICIT_RETAIN_SELF = YES;
				CLANG_WARN_OBJC_LITERAL_CONVERSION = YES;
				CLANG_WARN_OBJC_ROOT_CLASS = YES_ERROR;
				CLANG_WARN_QUOTED_INCLUDE_IN_FRAMEWORK_HEADER = YES;
				CLANG_WARN_RANGE_LOOP_ANALYSIS = YES;
				CLANG_WARN_STRICT_PROTOTYPES = YES;
				CLANG_WARN_SUSPICIOUS_MOVE = YES;
				CLANG_WARN_UNGUARDED_AVAILABILITY = YES_AGGRESSIVE;
				CLANG_WARN_UNREACHABLE_CODE = YES;
				CLANG_WARN__DUPLICATE_METHOD_MATCH = YES;
				COPY_PHASE_STRIP = NO;
				DEBUG_INFORMATION_FORMAT = dwarf;
				ENABLE_STRICT_OBJC_MSGSEND = YES;
				ENABLE_TESTABILITY = YES;
				ENABLE_USER_SCRIPT_SANDBOXING = YES;
				GCC_C_LANGUAGE_STANDARD = gnu17;
				GCC_DYNAMIC_NO_PIC = NO;
				GCC_NO_COMMON_BLOCKS = YES;
				GCC_OPTIMIZATION_LEVEL = 0;
				GCC_PREPROCESSOR_DEFINITIONS = (
					"DEBUG=1",
					"$(inherited)",
				);
				GCC_WARN_64_TO_32_BIT_CONVERSION = YES;
				GCC_WARN_ABOUT_RETURN_TYPE = YES_ERROR;
				GCC_WARN_UNDECLARED_SELECTOR = YES;
				GCC_WARN_UNINITIALIZED_AUTOS = YES_AGGRESSIVE;
				GCC_WARN_UNUSED_FUNCTION = YES;
				GCC_WARN_UNUSED_VARIABLE = YES;
				IPHONEOS_DEPLOYMENT_TARGET = 18.0;
				LOCALIZATION_PREFERS_STRING_CATALOGS = YES;
				MTL_ENABLE_DEBUG_INFO = INCLUDE_SOURCE;
				MTL_FAST_MATH = YES;
				ONLY_ACTIVE_ARCH = YES;
				SDKROOT = iphoneos;
				SWIFT_ACTIVE_COMPILATION_CONDITIONS = "DEBUG $(inherited)";
				SWIFT_OPTIMIZATION_LEVEL = "-Onone";
			};
			name = Debug;
		};
		9EEF186F2CB6B6EC00AA8D5B /* Release */ = {
			isa = XCBuildConfiguration;
			buildSettings = {
				ALWAYS_SEARCH_USER_PATHS = NO;
				ASSETCATALOG_COMPILER_GENERATE_SWIFT_ASSET_SYMBOL_EXTENSIONS = YES;
				CLANG_ANALYZER_NONNULL = YES;
				CLANG_ANALYZER_NUMBER_OBJECT_CONVERSION = YES_AGGRESSIVE;
				CLANG_CXX_LANGUAGE_STANDARD = "gnu++20";
				CLANG_ENABLE_MODULES = YES;
				CLANG_ENABLE_OBJC_ARC = YES;
				CLANG_ENABLE_OBJC_WEAK = YES;
				CLANG_WARN_BLOCK_CAPTURE_AUTORELEASING = YES;
				CLANG_WARN_BOOL_CONVERSION = YES;
				CLANG_WARN_COMMA = YES;
				CLANG_WARN_CONSTANT_CONVERSION = YES;
				CLANG_WARN_DEPRECATED_OBJC_IMPLEMENTATIONS = YES;
				CLANG_WARN_DIRECT_OBJC_ISA_USAGE = YES_ERROR;
				CLANG_WARN_DOCUMENTATION_COMMENTS = YES;
				CLANG_WARN_EMPTY_BODY = YES;
				CLANG_WARN_ENUM_CONVERSION = YES;
				CLANG_WARN_INFINITE_RECURSION = YES;
				CLANG_WARN_INT_CONVERSION = YES;
				CLANG_WARN_NON_LITERAL_NULL_CONVERSION = YES;
				CLANG_WARN_OBJC_IMPLICIT_RETAIN_SELF = YES;
				CLANG_WARN_OBJC_LITERAL_CONVERSION = YES;
				CLANG_WARN_OBJC_ROOT_CLASS = YES_ERROR;
				CLANG_WARN_QUOTED_INCLUDE_IN_FRAMEWORK_HEADER = YES;
				CLANG_WARN_RANGE_LOOP_ANALYSIS = YES;
				CLANG_WARN_STRICT_PROTOTYPES = YES;
				CLANG_WARN_SUSPICIOUS_MOVE = YES;
				CLANG_WARN_UNGUARDED_AVAILABILITY = YES_AGGRESSIVE;
				CLANG_WARN_UNREACHABLE_CODE = YES;
				CLANG_WARN__DUPLICATE_METHOD_MATCH = YES;
				COPY_PHASE_STRIP = NO;
				DEBUG_INFORMATION_FORMAT = "dwarf-with-dsym";
				ENABLE_NS_ASSERTIONS = NO;
				ENABLE_STRICT_OBJC_MSGSEND = YES;
				ENABLE_USER_SCRIPT_SANDBOXING = YES;
				GCC_C_LANGUAGE_STANDARD = gnu17;
				GCC_NO_COMMON_BLOCKS = YES;
				GCC_WARN_64_TO_32_BIT_CONVERSION = YES;
				GCC_WARN_ABOUT_RETURN_TYPE = YES_ERROR;
				GCC_WARN_UNDECLARED_SELECTOR = YES;
				GCC_WARN_UNINITIALIZED_AUTOS = YES_AGGRESSIVE;
				GCC_WARN_UNUSED_FUNCTION = YES;
				GCC_WARN_UNUSED_VARIABLE = YES;
				IPHONEOS_DEPLOYMENT_TARGET = 18.0;
				LOCALIZATION_PREFERS_STRING_CATALOGS = YES;
				MTL_ENABLE_DEBUG_INFO = NO;
				MTL_FAST_MATH = YES;
				SDKROOT = iphoneos;
				SWIFT_COMPILATION_MODE = wholemodule;
				VALIDATE_PRODUCT = YES;
			};
			name = Release;
		};
		9EEF18712CB6B6EC00AA8D5B /* Debug */ = {
			isa = XCBuildConfiguration;
			buildSettings = {
				ASSETCATALOG_COMPILER_APPICON_NAME = AppIcon;
				ASSETCATALOG_COMPILER_GLOBAL_ACCENT_COLOR_NAME = AccentColor;
				CODE_SIGN_STYLE = Automatic;
				CURRENT_PROJECT_VERSION = 1;
				DEVELOPMENT_ASSET_PATHS = "\"wellnesswise/Preview Content\"";
				ENABLE_PREVIEWS = YES;
				GENERATE_INFOPLIST_FILE = YES;
				INFOPLIST_KEY_CFBundleDisplayName = "Wellness wise";
				INFOPLIST_KEY_UIApplicationSceneManifest_Generation = YES;
				INFOPLIST_KEY_UIApplicationSupportsIndirectInputEvents = YES;
				INFOPLIST_KEY_UILaunchScreen_Generation = YES;
				INFOPLIST_KEY_UISupportedInterfaceOrientations_iPad = "UIInterfaceOrientationPortrait UIInterfaceOrientationPortraitUpsideDown UIInterfaceOrientationLandscapeLeft UIInterfaceOrientationLandscapeRight";
				INFOPLIST_KEY_UISupportedInterfaceOrientations_iPhone = "UIInterfaceOrientationPortrait UIInterfaceOrientationLandscapeLeft UIInterfaceOrientationLandscapeRight";
				LD_RUNPATH_SEARCH_PATHS = (
					"$(inherited)",
					"@executable_path/Frameworks",
				);
				MARKETING_VERSION = 1.0;
				PRODUCT_BUNDLE_IDENTIFIER = com.personal.wellnesswise;
				PRODUCT_NAME = "$(TARGET_NAME)";
				SWIFT_EMIT_LOC_STRINGS = YES;
				SWIFT_VERSION = 5.0;
				TARGETED_DEVICE_FAMILY = "1,2";
			};
			name = Debug;
		};
		9EEF18722CB6B6EC00AA8D5B /* Release */ = {
			isa = XCBuildConfiguration;
			buildSettings = {
				ASSETCATALOG_COMPILER_APPICON_NAME = AppIcon;
				ASSETCATALOG_COMPILER_GLOBAL_ACCENT_COLOR_NAME = AccentColor;
				CODE_SIGN_STYLE = Automatic;
				CURRENT_PROJECT_VERSION = 1;
				DEVELOPMENT_ASSET_PATHS = "\"wellnesswise/Preview Content\"";
				ENABLE_PREVIEWS = YES;
				GENERATE_INFOPLIST_FILE = YES;
				INFOPLIST_KEY_CFBundleDisplayName = "Wellness wise";
				INFOPLIST_KEY_UIApplicationSceneManifest_Generation = YES;
				INFOPLIST_KEY_UIApplicationSupportsIndirectInputEvents = YES;
				INFOPLIST_KEY_UILaunchScreen_Generation = YES;
				INFOPLIST_KEY_UISupportedInterfaceOrientations_iPad = "UIInterfaceOrientationPortrait UIInterfaceOrientationPortraitUpsideDown UIInterfaceOrientationLandscapeLeft UIInterfaceOrientationLandscapeRight";
				INFOPLIST_KEY_UISupportedInterfaceOrientations_iPhone = "UIInterfaceOrientationPortrait UIInterfaceOrientationLandscapeLeft UIInterfaceOrientationLandscapeRight";
				LD_RUNPATH_SEARCH_PATHS = (
					"$(inherited)",
					"@executable_path/Frameworks",
				);
				MARKETING_VERSION = 1.0;
				PRODUCT_BUNDLE_IDENTIFIER = com.personal.wellnesswise;
				PRODUCT_NAME = "$(TARGET_NAME)";
				SWIFT_EMIT_LOC_STRINGS = YES;
				SWIFT_VERSION = 5.0;
				TARGETED_DEVICE_FAMILY = "1,2";
			};
			name = Release;
		};
		9EEF18742CB6B6EC00AA8D5B /* Debug */ = {
			isa = XCBuildConfiguration;
			buildSettings = {
				BUNDLE_LOADER = "$(TEST_HOST)";
				CODE_SIGN_STYLE = Automatic;
				CURRENT_PROJECT_VERSION = 1;
				GENERATE_INFOPLIST_FILE = YES;
				IPHONEOS_DEPLOYMENT_TARGET = 18.0;
				MARKETING_VERSION = 1.0;
				PRODUCT_BUNDLE_IDENTIFIER = com.personal.wellnesswiseTests;
				PRODUCT_NAME = "$(TARGET_NAME)";
				SWIFT_EMIT_LOC_STRINGS = NO;
				SWIFT_VERSION = 5.0;
				TARGETED_DEVICE_FAMILY = "1,2";
				TEST_HOST = "$(BUILT_PRODUCTS_DIR)/wellnesswise.app/$(BUNDLE_EXECUTABLE_FOLDER_PATH)/wellnesswise";
			};
			name = Debug;
		};
		9EEF18752CB6B6EC00AA8D5B /* Release */ = {
			isa = XCBuildConfiguration;
			buildSettings = {
				BUNDLE_LOADER = "$(TEST_HOST)";
				CODE_SIGN_STYLE = Automatic;
				CURRENT_PROJECT_VERSION = 1;
				GENERATE_INFOPLIST_FILE = YES;
				IPHONEOS_DEPLOYMENT_TARGET = 18.0;
				MARKETING_VERSION = 1.0;
				PRODUCT_BUNDLE_IDENTIFIER = com.personal.wellnesswiseTests;
				PRODUCT_NAME = "$(TARGET_NAME)";
				SWIFT_EMIT_LOC_STRINGS = NO;
				SWIFT_VERSION = 5.0;
				TARGETED_DEVICE_FAMILY = "1,2";
				TEST_HOST = "$(BUILT_PRODUCTS_DIR)/wellnesswise.app/$(BUNDLE_EXECUTABLE_FOLDER_PATH)/wellnesswise";
			};
			name = Release;
		};
		9EEF18772CB6B6EC00AA8D5B /* Debug */ = {
			isa = XCBuildConfiguration;
			buildSettings = {
				CODE_SIGN_STYLE = Automatic;
				CURRENT_PROJECT_VERSION = 1;
				GENERATE_INFOPLIST_FILE = YES;
				MARKETING_VERSION = 1.0;
				PRODUCT_BUNDLE_IDENTIFIER = com.personal.wellnesswiseUITests;
				PRODUCT_NAME = "$(TARGET_NAME)";
				SWIFT_EMIT_LOC_STRINGS = NO;
				SWIFT_VERSION = 5.0;
				TARGETED_DEVICE_FAMILY = "1,2";
				TEST_TARGET_NAME = wellnesswise;
			};
			name = Debug;
		};
		9EEF18782CB6B6EC00AA8D5B /* Release */ = {
			isa = XCBuildConfiguration;
			buildSettings = {
				CODE_SIGN_STYLE = Automatic;
				CURRENT_PROJECT_VERSION = 1;
				GENERATE_INFOPLIST_FILE = YES;
				MARKETING_VERSION = 1.0;
				PRODUCT_BUNDLE_IDENTIFIER = com.personal.wellnesswiseUITests;
				PRODUCT_NAME = "$(TARGET_NAME)";
				SWIFT_EMIT_LOC_STRINGS = NO;
				SWIFT_VERSION = 5.0;
				TARGETED_DEVICE_FAMILY = "1,2";
				TEST_TARGET_NAME = wellnesswise;
			};
			name = Release;
		};
/* End XCBuildConfiguration section */

/* Begin XCConfigurationList section */
		9EEF18472CB6B6E800AA8D5B /* Build configuration list for PBXProject "wellnesswise" */ = {
			isa = XCConfigurationList;
			buildConfigurations = (
				9EEF186E2CB6B6EC00AA8D5B /* Debug */,
				9EEF186F2CB6B6EC00AA8D5B /* Release */,
			);
			defaultConfigurationIsVisible = 0;
			defaultConfigurationName = Release;
		};
		9EEF18702CB6B6EC00AA8D5B /* Build configuration list for PBXNativeTarget "wellnesswise" */ = {
			isa = XCConfigurationList;
			buildConfigurations = (
				9EEF18712CB6B6EC00AA8D5B /* Debug */,
				9EEF18722CB6B6EC00AA8D5B /* Release */,
			);
			defaultConfigurationIsVisible = 0;
			defaultConfigurationName = Release;
		};
		9EEF18732CB6B6EC00AA8D5B /* Build configuration list for PBXNativeTarget "wellnesswiseTests" */ = {
			isa = XCConfigurationList;
			buildConfigurations = (
				9EEF18742CB6B6EC00AA8D5B /* Debug */,
				9EEF18752CB6B6EC00AA8D5B /* Release */,
			);
			defaultConfigurationIsVisible = 0;
			defaultConfigurationName = Release;
		};
		9EEF18762CB6B6EC00AA8D5B /* Build configuration list for PBXNativeTarget "wellnesswiseUITests" */ = {
			isa = XCConfigurationList;
			buildConfigurations = (
				9EEF18772CB6B6EC00AA8D5B /* Debug */,
				9EEF18782CB6B6EC00AA8D5B /* Release */,
			);
			defaultConfigurationIsVisible = 0;
			defaultConfigurationName = Release;
		};
/* End XCConfigurationList section */

/* Begin XCRemoteSwiftPackageReference section */
		9E511B412CC37FE10072A470 /* XCRemoteSwiftPackageReference "firebase-ios-sdk" */ = {
			isa = XCRemoteSwiftPackageReference;
			repositoryURL = "https://github.com/firebase/firebase-ios-sdk.git";
			requirement = {
				kind = upToNextMajorVersion;
				minimumVersion = 11.3.0;
			};
		};
/* End XCRemoteSwiftPackageReference section */

/* Begin XCSwiftPackageProductDependency section */
		9E511B422CC37FE10072A470 /* FirebaseAuth */ = {
			isa = XCSwiftPackageProductDependency;
			package = 9E511B412CC37FE10072A470 /* XCRemoteSwiftPackageReference "firebase-ios-sdk" */;
			productName = FirebaseAuth;
		};
		9E511B442CC37FE10072A470 /* FirebaseCore */ = {
			isa = XCSwiftPackageProductDependency;
			package = 9E511B412CC37FE10072A470 /* XCRemoteSwiftPackageReference "firebase-ios-sdk" */;
			productName = FirebaseCore;
		};
		9E511B462CC37FE10072A470 /* FirebaseDatabase */ = {
			isa = XCSwiftPackageProductDependency;
			package = 9E511B412CC37FE10072A470 /* XCRemoteSwiftPackageReference "firebase-ios-sdk" */;
			productName = FirebaseDatabase;
		};
		9E511B482CC37FE10072A470 /* FirebaseFirestore */ = {
			isa = XCSwiftPackageProductDependency;
			package = 9E511B412CC37FE10072A470 /* XCRemoteSwiftPackageReference "firebase-ios-sdk" */;
			productName = FirebaseFirestore;
		};
		9E511B4A2CC37FE10072A470 /* FirebaseFunctions */ = {
			isa = XCSwiftPackageProductDependency;
			package = 9E511B412CC37FE10072A470 /* XCRemoteSwiftPackageReference "firebase-ios-sdk" */;
			productName = FirebaseFunctions;
		};
/* End XCSwiftPackageProductDependency section */
	};
	rootObject = 9EEF18442CB6B6E800AA8D5B /* Project object */;
}
